# -------------------------------------------------------------------------- #
#
# Copyright (C) 2018  Intel Corporation. All rights reserved.
# Your use of Intel Corporation's design tools, logic functions 
# and other software and tools, and its AMPP partner logic 
# functions, and any output files from any of the foregoing 
# (including device programming or simulation files), and any 
# associated documentation or information are expressly subject 
# to the terms and conditions of the Intel Program License 
# Subscription Agreement, the Intel Quartus Prime License Agreement,
# the Intel FPGA IP License Agreement, or other applicable license
# agreement, including, without limitation, that your use is for
# the sole purpose of programming logic devices manufactured by
# Intel and sold by Intel or its authorized distributors.  Please
# refer to the applicable agreement for further details.
#
# -------------------------------------------------------------------------- #
#
# Quartus Prime
# Version 18.1.0 Build 625 09/12/2018 SJ Lite Edition
# Date created = 15:37:02  December 04, 2025
#
# -------------------------------------------------------------------------- #
#
# Notes:
#
# 1) The default values for assignments are stored in the file:
#		sdram_bringup_assignment_defaults.qdf
#    If this file doesn't exist, see file:
#		assignment_defaults.qdf
#
# 2) Altera recommends that you do not modify this file. This
#    file is updated automatically by the Quartus Prime software
#    and any changes you make may be lost or overwritten.
#
# -------------------------------------------------------------------------- #



set_global_assignment -name FAMILY "Cyclone V"
set_global_assignment -name DEVICE 5CEBA4F23C7
set_global_assignment -name ORIGINAL_QUARTUS_VERSION 18.1.0
set_global_assignment -name PROJECT_CREATION_TIME_DATE "15:37:02  DECEMBER 04, 2025"
set_global_assignment -name LAST_QUARTUS_VERSION "25.1std.0 Lite Edition"
set_global_assignment -name PROJECT_OUTPUT_DIRECTORY output_files
set_global_assignment -name MIN_CORE_JUNCTION_TEMP 0
set_global_assignment -name MAX_CORE_JUNCTION_TEMP 85
set_global_assignment -name ERROR_CHECK_FREQUENCY_DIVISOR 256
set_global_assignment -name POWER_PRESET_COOLING_SOLUTION "23 MM HEAT SINK WITH 200 LFPM AIRFLOW"
set_global_assignment -name POWER_BOARD_THERMAL_MODEL "NONE (CONSERVATIVE)"
set_global_assignment -name VHDL_SHOW_LMF_MAPPING_MESSAGES OFF
set_global_assignment -name TIMING_ANALYZER_MULTICORNER_ANALYSIS ON
set_global_assignment -name TOP_LEVEL_ENTITY sdram_bringup_top
set_global_assignment -name PROJECT_OUTPUT_DIRECTORY output_files
set_global_assignment -name SDC_FILE sdram_bringup.sdc
# the core of the board is written in VHDL-2008
set_global_assignment -name VHDL_INPUT_VERSION VHDL_2008

# --- sources -----------------------------------------------------------------
set_global_assignment -name VERILOG_FILE ../pll/sdram_pll.v
set_global_assignment -name VHDL_FILE ../rtl/sdram_bringup_top.vhd
set_global_assignment -name VHDL_FILE ../../../../Memory/external/sdram/sdram_pkg.vhd
set_global_assignment -name VHDL_FILE ../../../../Memory/external/sdram/sdram_ctrl.vhd
set_global_assignment -name VHDL_FILE ../../../../Memory/external/sdram/sdram_bist.vhd

# --- PLL ---------------------------------------------------------------------
set_instance_assignment -name PLL_COMPENSATION_MODE DIRECT -to "*sdram_pll*|altera_pll:altera_pll_i*|*"
set_instance_assignment -name PLL_AUTO_RESET OFF -to "*sdram_pll*|altera_pll:altera_pll_i*|*"
set_instance_assignment -name PLL_BANDWIDTH_PRESET AUTO -to "*sdram_pll*|altera_pll:altera_pll_i*|*"

# --- board pins (the same as the core platform) ----------------------------
set_location_assignment PIN_M9 -to CLOCK_50
set_instance_assignment -name IO_STANDARD "3.3-V LVTTL" -to CLOCK_50
set_location_assignment PIN_U7 -to KEY[0]
set_location_assignment PIN_W9 -to KEY[1]
set_location_assignment PIN_M7 -to KEY[2]
set_location_assignment PIN_M6 -to KEY[3]
set_instance_assignment -name IO_STANDARD "3.3-V LVTTL" -to KEY[0]
set_instance_assignment -name IO_STANDARD "3.3-V LVTTL" -to KEY[1]
set_instance_assignment -name IO_STANDARD "3.3-V LVTTL" -to KEY[2]
set_instance_assignment -name IO_STANDARD "3.3-V LVTTL" -to KEY[3]
set_location_assignment PIN_P22 -to FPGA_RESET_N
set_instance_assignment -name IO_STANDARD "3.3-V LVTTL" -to FPGA_RESET_N
set_location_assignment PIN_AA2 -to LEDR[0]
set_location_assignment PIN_AA1 -to LEDR[1]
set_location_assignment PIN_W2 -to LEDR[2]
set_location_assignment PIN_Y3 -to LEDR[3]
set_location_assignment PIN_N2 -to LEDR[4]
set_location_assignment PIN_N1 -to LEDR[5]
set_location_assignment PIN_U2 -to LEDR[6]
set_location_assignment PIN_U1 -to LEDR[7]
set_location_assignment PIN_L2 -to LEDR[8]
set_location_assignment PIN_L1 -to LEDR[9]
set_instance_assignment -name IO_STANDARD "3.3-V LVTTL" -to LEDR[0]
set_instance_assignment -name IO_STANDARD "3.3-V LVTTL" -to LEDR[1]
set_instance_assignment -name IO_STANDARD "3.3-V LVTTL" -to LEDR[2]
set_instance_assignment -name IO_STANDARD "3.3-V LVTTL" -to LEDR[3]
set_instance_assignment -name IO_STANDARD "3.3-V LVTTL" -to LEDR[4]
set_instance_assignment -name IO_STANDARD "3.3-V LVTTL" -to LEDR[5]
set_instance_assignment -name IO_STANDARD "3.3-V LVTTL" -to LEDR[6]
set_instance_assignment -name IO_STANDARD "3.3-V LVTTL" -to LEDR[7]
set_instance_assignment -name IO_STANDARD "3.3-V LVTTL" -to LEDR[8]
set_instance_assignment -name IO_STANDARD "3.3-V LVTTL" -to LEDR[9]
set_instance_assignment -name CURRENT_STRENGTH_NEW DEFAULT -to LEDR
set_instance_assignment -name SLEW_RATE 1 -to LEDR
set_location_assignment PIN_U13 -to SW[0]
set_location_assignment PIN_V13 -to SW[1]
set_location_assignment PIN_T13 -to SW[2]
set_location_assignment PIN_T12 -to SW[3]
set_location_assignment PIN_AA15 -to SW[4]
set_location_assignment PIN_AB15 -to SW[5]
set_location_assignment PIN_AA14 -to SW[6]
set_location_assignment PIN_AA13 -to SW[7]
set_location_assignment PIN_AB13 -to SW[8]
set_location_assignment PIN_AB12 -to SW[9]
set_instance_assignment -name IO_STANDARD "3.3-V LVTTL" -to SW[0]
set_instance_assignment -name IO_STANDARD "3.3-V LVTTL" -to SW[1]
set_instance_assignment -name IO_STANDARD "3.3-V LVTTL" -to SW[2]
set_instance_assignment -name IO_STANDARD "3.3-V LVTTL" -to SW[3]
set_instance_assignment -name IO_STANDARD "3.3-V LVTTL" -to SW[4]
set_instance_assignment -name IO_STANDARD "3.3-V LVTTL" -to SW[5]
set_instance_assignment -name IO_STANDARD "3.3-V LVTTL" -to SW[6]
set_instance_assignment -name IO_STANDARD "3.3-V LVTTL" -to SW[7]
set_instance_assignment -name IO_STANDARD "3.3-V LVTTL" -to SW[8]
set_instance_assignment -name IO_STANDARD "3.3-V LVTTL" -to SW[9]

# --- SDRAM (Table 3-13 of the DE0-CV manual) --------------------------------
set_location_assignment PIN_W8 -to DRAM_ADDR[0]
set_location_assignment PIN_T8 -to DRAM_ADDR[1]
set_location_assignment PIN_U11 -to DRAM_ADDR[2]
set_location_assignment PIN_Y10 -to DRAM_ADDR[3]
set_location_assignment PIN_N6 -to DRAM_ADDR[4]
set_location_assignment PIN_AB10 -to DRAM_ADDR[5]
set_location_assignment PIN_P12 -to DRAM_ADDR[6]
set_location_assignment PIN_P7 -to DRAM_ADDR[7]
set_location_assignment PIN_P8 -to DRAM_ADDR[8]
set_location_assignment PIN_R5 -to DRAM_ADDR[9]
set_location_assignment PIN_U8 -to DRAM_ADDR[10]
set_location_assignment PIN_P6 -to DRAM_ADDR[11]
set_location_assignment PIN_R7 -to DRAM_ADDR[12]
set_location_assignment PIN_Y9 -to DRAM_DQ[0]
set_location_assignment PIN_T10 -to DRAM_DQ[1]
set_location_assignment PIN_R9 -to DRAM_DQ[2]
set_location_assignment PIN_Y11 -to DRAM_DQ[3]
set_location_assignment PIN_R10 -to DRAM_DQ[4]
set_location_assignment PIN_R11 -to DRAM_DQ[5]
set_location_assignment PIN_R12 -to DRAM_DQ[6]
set_location_assignment PIN_AA12 -to DRAM_DQ[7]
set_location_assignment PIN_AA9 -to DRAM_DQ[8]
set_location_assignment PIN_AB8 -to DRAM_DQ[9]
set_location_assignment PIN_AA8 -to DRAM_DQ[10]
set_location_assignment PIN_AA7 -to DRAM_DQ[11]
set_location_assignment PIN_V10 -to DRAM_DQ[12]
set_location_assignment PIN_V9 -to DRAM_DQ[13]
set_location_assignment PIN_U10 -to DRAM_DQ[14]
set_location_assignment PIN_T9 -to DRAM_DQ[15]
set_location_assignment PIN_T7 -to DRAM_BA[0]
set_location_assignment PIN_AB7 -to DRAM_BA[1]
set_location_assignment PIN_U12 -to DRAM_LDQM
set_location_assignment PIN_N8 -to DRAM_UDQM
set_location_assignment PIN_AB6 -to DRAM_RAS_N
set_location_assignment PIN_V6 -to DRAM_CAS_N
set_location_assignment PIN_R6 -to DRAM_CKE
set_location_assignment PIN_AB11 -to DRAM_CLK
set_location_assignment PIN_AB5 -to DRAM_WE_N
set_location_assignment PIN_U6 -to DRAM_CS_N
set_instance_assignment -name IO_STANDARD "3.3-V LVTTL" -to DRAM_ADDR[0]
set_instance_assignment -name IO_STANDARD "3.3-V LVTTL" -to DRAM_ADDR[1]
set_instance_assignment -name IO_STANDARD "3.3-V LVTTL" -to DRAM_ADDR[2]
set_instance_assignment -name IO_STANDARD "3.3-V LVTTL" -to DRAM_ADDR[3]
set_instance_assignment -name IO_STANDARD "3.3-V LVTTL" -to DRAM_ADDR[4]
set_instance_assignment -name IO_STANDARD "3.3-V LVTTL" -to DRAM_ADDR[5]
set_instance_assignment -name IO_STANDARD "3.3-V LVTTL" -to DRAM_ADDR[6]
set_instance_assignment -name IO_STANDARD "3.3-V LVTTL" -to DRAM_ADDR[7]
set_instance_assignment -name IO_STANDARD "3.3-V LVTTL" -to DRAM_ADDR[8]
set_instance_assignment -name IO_STANDARD "3.3-V LVTTL" -to DRAM_ADDR[9]
set_instance_assignment -name IO_STANDARD "3.3-V LVTTL" -to DRAM_ADDR[10]
set_instance_assignment -name IO_STANDARD "3.3-V LVTTL" -to DRAM_ADDR[11]
set_instance_assignment -name IO_STANDARD "3.3-V LVTTL" -to DRAM_ADDR[12]
set_instance_assignment -name IO_STANDARD "3.3-V LVTTL" -to DRAM_DQ[0]
set_instance_assignment -name IO_STANDARD "3.3-V LVTTL" -to DRAM_DQ[1]
set_instance_assignment -name IO_STANDARD "3.3-V LVTTL" -to DRAM_DQ[2]
set_instance_assignment -name IO_STANDARD "3.3-V LVTTL" -to DRAM_DQ[3]
set_instance_assignment -name IO_STANDARD "3.3-V LVTTL" -to DRAM_DQ[4]
set_instance_assignment -name IO_STANDARD "3.3-V LVTTL" -to DRAM_DQ[5]
set_instance_assignment -name IO_STANDARD "3.3-V LVTTL" -to DRAM_DQ[6]
set_instance_assignment -name IO_STANDARD "3.3-V LVTTL" -to DRAM_DQ[7]
set_instance_assignment -name IO_STANDARD "3.3-V LVTTL" -to DRAM_DQ[8]
set_instance_assignment -name IO_STANDARD "3.3-V LVTTL" -to DRAM_DQ[9]
set_instance_assignment -name IO_STANDARD "3.3-V LVTTL" -to DRAM_DQ[10]
set_instance_assignment -name IO_STANDARD "3.3-V LVTTL" -to DRAM_DQ[11]
set_instance_assignment -name IO_STANDARD "3.3-V LVTTL" -to DRAM_DQ[12]
set_instance_assignment -name IO_STANDARD "3.3-V LVTTL" -to DRAM_DQ[13]
set_instance_assignment -name IO_STANDARD "3.3-V LVTTL" -to DRAM_DQ[14]
set_instance_assignment -name IO_STANDARD "3.3-V LVTTL" -to DRAM_DQ[15]
set_instance_assignment -name IO_STANDARD "3.3-V LVTTL" -to DRAM_BA[0]
set_instance_assignment -name IO_STANDARD "3.3-V LVTTL" -to DRAM_BA[1]
set_instance_assignment -name IO_STANDARD "3.3-V LVTTL" -to DRAM_LDQM
set_instance_assignment -name IO_STANDARD "3.3-V LVTTL" -to DRAM_UDQM
set_instance_assignment -name IO_STANDARD "3.3-V LVTTL" -to DRAM_RAS_N
set_instance_assignment -name IO_STANDARD "3.3-V LVTTL" -to DRAM_CAS_N
set_instance_assignment -name IO_STANDARD "3.3-V LVTTL" -to DRAM_CKE
set_instance_assignment -name IO_STANDARD "3.3-V LVTTL" -to DRAM_CLK
set_instance_assignment -name IO_STANDARD "3.3-V LVTTL" -to DRAM_WE_N
set_instance_assignment -name IO_STANDARD "3.3-V LVTTL" -to DRAM_CS_N

# registers inside the IO cells: the commands, addresses and data leave from, and the read
# data enters into, a register at the pin, so the delay to the chip does not depend on routing
set_instance_assignment -name FAST_OUTPUT_REGISTER ON -to DRAM_ADDR[*]
set_instance_assignment -name FAST_OUTPUT_REGISTER ON -to DRAM_BA[*]
set_instance_assignment -name FAST_OUTPUT_REGISTER ON -to DRAM_CAS_N
set_instance_assignment -name FAST_OUTPUT_REGISTER ON -to DRAM_RAS_N
set_instance_assignment -name FAST_OUTPUT_REGISTER ON -to DRAM_WE_N
set_instance_assignment -name FAST_OUTPUT_REGISTER ON -to DRAM_CS_N
set_instance_assignment -name FAST_OUTPUT_REGISTER ON -to DRAM_CKE
set_instance_assignment -name FAST_OUTPUT_REGISTER ON -to DRAM_LDQM
set_instance_assignment -name FAST_OUTPUT_REGISTER ON -to DRAM_UDQM
set_instance_assignment -name FAST_OUTPUT_REGISTER ON -to DRAM_DQ[*]
set_instance_assignment -name FAST_OUTPUT_ENABLE_REGISTER ON -to DRAM_DQ[*]
set_instance_assignment -name FAST_INPUT_REGISTER ON -to DRAM_DQ[*]
# the shortest path from the pin to that register (the default adds delay to cover hold)
set_instance_assignment -name PAD_TO_INPUT_REGISTER_DELAY 0 -to DRAM_DQ[*]

